// !$*UTF8*$!
{
	archiveVersion = 1;
	classes = {
	};
	objectVersion = 55;
	objects = {

/* Begin PBXBuildFile section */
		D7D23DDE2807E2E6002F4720 /* AppDelegate.swift in Sources */ = {isa = PBXBuildFile; fileRef = D7D23DDD2807E2E6002F4720 /* AppDelegate.swift */; };
		D7D23DE02807E2E6002F4720 /* SceneDelegate.swift in Sources */ = {isa = PBXBuildFile; fileRef = D7D23DDF2807E2E6002F4720 /* SceneDelegate.swift */; };
		D7D23DE22807E2E6002F4720 /* ViewController.swift in Sources */ = {isa = PBXBuildFile; fileRef = D7D23DE12807E2E6002F4720 /* ViewController.swift */; };
		D7D23DE52807E2E6002F4720 /* Main.storyboard in Resources */ = {isa = PBXBuildFile; fileRef = D7D23DE32807E2E6002F4720 /* Main.storyboard */; };
		D7D23DE82807E2E6002F4720 /* MovieApp.xcdatamodeld in Sources */ = {isa = PBXBuildFile; fileRef = D7D23DE62807E2E6002F4720 /* MovieApp.xcdatamodeld */; };
		D7D23DEA2807E2E7002F4720 /* Assets.xcassets in Resources */ = {isa = PBXBuildFile; fileRef = D7D23DE92807E2E7002F4720 /* Assets.xcassets */; };
		D7D23DED2807E2E7002F4720 /* LaunchScreen.storyboard in Resources */ = {isa = PBXBuildFile; fileRef = D7D23DEB2807E2E7002F4720 /* LaunchScreen.storyboard */; };
		D7D23DF82807E2E7002F4720 /* MovieAppTests.swift in Sources */ = {isa = PBXBuildFile; fileRef = D7D23DF72807E2E7002F4720 /* MovieAppTests.swift */; };
		D7D23E022807E2E7002F4720 /* MovieAppUITests.swift in Sources */ = {isa = PBXBuildFile; fileRef = D7D23E012807E2E7002F4720 /* MovieAppUITests.swift */; };
		D7D23E042807E2E7002F4720 /* MovieAppUITestsLaunchTests.swift in Sources */ = {isa = PBXBuildFile; fileRef = D7D23E032807E2E7002F4720 /* MovieAppUITestsLaunchTests.swift */; };
/* End PBXBuildFile section */

/* Begin PBXContainerItemProxy section */
		D7D23DF42807E2E7002F4720 /* PBXContainerItemProxy */ = {
			isa = PBXContainerItemProxy;
			containerPortal = D7D23DD22807E2E6002F4720 /* Project object */;
			proxyType = 1;
			remoteGlobalIDString = D7D23DD92807E2E6002F4720;
			remoteInfo = MovieApp;
		};
		D7D23DFE2807E2E7002F4720 /* PBXContainerItemProxy */ = {
			isa = PBXContainerItemProxy;
			containerPortal = D7D23DD22807E2E6002F4720 /* Project object */;
			proxyType = 1;
			remoteGlobalIDString = D7D23DD92807E2E6002F4720;
			remoteInfo = MovieApp;
		};
/* End PBXContainerItemProxy section */

/* Begin PBXFileReference section */
		D7D23DDA2807E2E6002F4720 /* MovieApp.app */ = {isa = PBXFileReference; explicitFileType = wrapper.application; includeInIndex = 0; path = MovieApp.app; sourceTree = BUILT_PRODUCTS_DIR; };
		D7D23DDD2807E2E6002F4720 /* AppDelegate.swift */ = {isa = PBXFileReference; lastKnownFileType = sourcecode.swift; path = AppDelegate.swift; sourceTree = "<group>"; };
		D7D23DDF2807E2E6002F4720 /* SceneDelegate.swift */ = {isa = PBXFileReference; lastKnownFileType = sourcecode.swift; path = SceneDelegate.swift; sourceTree = "<group>"; };
		D7D23DE12807E2E6002F4720 /* ViewController.swift */ = {isa = PBXFileReference; lastKnownFileType = sourcecode.swift; path = ViewController.swift; sourceTree = "<group>"; };
		D7D23DE42807E2E6002F4720 /* Base */ = {isa = PBXFileReference; lastKnownFileType = file.storyboard; name = Base; path = Base.lproj/Main.storyboard; sourceTree = "<group>"; };
		D7D23DE72807E2E6002F4720 /* MovieApp.xcdatamodel */ = {isa = PBXFileReference; lastKnownFileType = wrapper.xcdatamodel; path = MovieApp.xcdatamodel; sourceTree = "<group>"; };
		D7D23DE92807E2E7002F4720 /* Assets.xcassets */ = {isa = PBXFileReference; lastKnownFileType = folder.assetcatalog; path = Assets.xcassets; sourceTree = "<group>"; };
		D7D23DEC2807E2E7002F4720 /* Base */ = {isa = PBXFileReference; lastKnownFileType = file.storyboard; name = Base; path = Base.lproj/LaunchScreen.storyboard; sourceTree = "<group>"; };
		D7D23DEE2807E2E7002F4720 /* Info.plist */ = {isa = PBXFileReference; lastKnownFileType = text.plist.xml; path = Info.plist; sourceTree = "<group>"; };
		D7D23DF32807E2E7002F4720 /* MovieAppTests.xctest */ = {isa = PBXFileReference; explicitFileType = wrapper.cfbundle; includeInIndex = 0; path = MovieAppTests.xctest; sourceTree = BUILT_PRODUCTS_DIR; };
		D7D23DF72807E2E7002F4720 /* MovieAppTests.swift */ = {isa = PBXFileReference; lastKnownFileType = sourcecode.swift; path = MovieAppTests.swift; sourceTree = "<group>"; };
		D7D23DFD2807E2E7002F4720 /* MovieAppUITests.xctest */ = {isa = PBXFileReference; explicitFileType = wrapper.cfbundle; includeInIndex = 0; path = MovieAppUITests.xctest; sourceTree = BUILT_PRODUCTS_DIR; };
		D7D23E012807E2E7002F4720 /* MovieAppUITests.swift */ = {isa = PBXFileReference; lastKnownFileType = sourcecode.swift; path = MovieAppUITests.swift; sourceTree = "<group>"; };
		D7D23E032807E2E7002F4720 /* MovieAppUITestsLaunchTests.swift */ = {isa = PBXFileReference; lastKnownFileType = sourcecode.swift; path = MovieAppUITestsLaunchTests.swift; sourceTree = "<group>"; };
/* End PBXFileReference section */

/* Begin PBXFrameworksBuildPhase section */
		D7D23DD72807E2E6002F4720 /* Frameworks */ = {
			isa = PBXFrameworksBuildPhase;
			buildActionMask = 2147483647;
			files = (
			);
			runOnlyForDeploymentPostprocessing = 0;
		};
		D7D23DF02807E2E7002F4720 /* Frameworks */ = {
			isa = PBXFrameworksBuildPhase;
			buildActionMask = 2147483647;
			files = (
			);
			runOnlyForDeploymentPostprocessing = 0;
		};
		D7D23DFA2807E2E7002F4720 /* Frameworks */ = {
			isa = PBXFrameworksBuildPhase;
			buildActionMask = 2147483647;
			files = (
			);
			runOnlyForDeploymentPostprocessing = 0;
		};
/* End PBXFrameworksBuildPhase section */

/* Begin PBXGroup section */
		D7D23DD12807E2E6002F4720 = {
			isa = PBXGroup;
			children = (
				D7D23DDC2807E2E6002F4720 /* MovieApp */,
				D7D23DF62807E2E7002F4720 /* MovieAppTests */,
				D7D23E002807E2E7002F4720 /* MovieAppUITests */,
				D7D23DDB2807E2E6002F4720 /* Products */,
			);
			sourceTree = "<group>";
		};
		D7D23DDB2807E2E6002F4720 /* Products */ = {
			isa = PBXGroup;
			children = (
				D7D23DDA2807E2E6002F4720 /* MovieApp.app */,
				D7D23DF32807E2E7002F4720 /* MovieAppTests.xctest */,
				D7D23DFD2807E2E7002F4720 /* MovieAppUITests.xctest */,
			);
			name = Products;
			sourceTree = "<group>";
		};
		D7D23DDC2807E2E6002F4720 /* MovieApp */ = {
			isa = PBXGroup;
			children = (
				D7D23DDD2807E2E6002F4720 /* AppDelegate.swift */,
				D7D23DDF2807E2E6002F4720 /* SceneDelegate.swift */,
				D7D23DE12807E2E6002F4720 /* ViewController.swift */,
				D7D23DE32807E2E6002F4720 /* Main.storyboard */,
				D7D23DE92807E2E7002F4720 /* Assets.xcassets */,
				D7D23DEB2807E2E7002F4720 /* LaunchScreen.storyboard */,
				D7D23DEE2807E2E7002F4720 /* Info.plist */,
				D7D23DE62807E2E6002F4720 /* MovieApp.xcdatamodeld */,
			);
			path = MovieApp;
			sourceTree = "<group>";
		};
		D7D23DF62807E2E7002F4720 /* MovieAppTests */ = {
			isa = PBXGroup;
			children = (
				D7D23DF72807E2E7002F4720 /* MovieAppTests.swift */,
			);
			path = MovieAppTests;
			sourceTree = "<group>";
		};
		D7D23E002807E2E7002F4720 /* MovieAppUITests */ = {
			isa = PBXGroup;
			children = (
				D7D23E012807E2E7002F4720 /* MovieAppUITests.swift */,
				D7D23E032807E2E7002F4720 /* MovieAppUITestsLaunchTests.swift */,
			);
			path = MovieAppUITests;
			sourceTree = "<group>";
		};
/* End PBXGroup section */

/* Begin PBXNativeTarget section */
		D7D23DD92807E2E6002F4720 /* MovieApp */ = {
			isa = PBXNativeTarget;
			buildConfigurationList = D7D23E072807E2E7002F4720 /* Build configuration list for PBXNativeTarget "MovieApp" */;
			buildPhases = (
				D7D23DD62807E2E6002F4720 /* Sources */,
				D7D23DD72807E2E6002F4720 /* Frameworks */,
				D7D23DD82807E2E6002F4720 /* Resources */,
			);
			buildRules = (
			);
			dependencies = (
			);
			name = MovieApp;
			productName = MovieApp;
			productReference = D7D23DDA2807E2E6002F4720 /* MovieApp.app */;
			productType = "com.apple.product-type.application";
		};
		D7D23DF22807E2E7002F4720 /* MovieAppTests */ = {
			isa = PBXNativeTarget;
			buildConfigurationList = D7D23E0A2807E2E7002F4720 /* Build configuration list for PBXNativeTarget "MovieAppTests" */;
			buildPhases = (
				D7D23DEF2807E2E7002F4720 /* Sources */,
				D7D23DF02807E2E7002F4720 /* Frameworks */,
				D7D23DF12807E2E7002F4720 /* Resources */,
			);
			buildRules = (
			);
			dependencies = (
				D7D23DF52807E2E7002F4720 /* PBXTargetDependency */,
			);
			name = MovieAppTests;
			productName = MovieAppTests;
			productReference = D7D23DF32807E2E7002F4720 /* MovieAppTests.xctest */;
			productType = "com.apple.product-type.bundle.unit-test";
		};
		D7D23DFC2807E2E7002F4720 /* MovieAppUITests */ = {
			isa = PBXNativeTarget;
			buildConfigurationList = D7D23E0D2807E2E7002F4720 /* Build configuration list for PBXNativeTarget "MovieAppUITests" */;
			buildPhases = (
				D7D23DF92807E2E7002F4720 /* Sources */,
				D7D23DFA2807E2E7002F4720 /* Frameworks */,
				D7D23DFB2807E2E7002F4720 /* Resources */,
			);
			buildRules = (
			);
			dependencies = (
				D7D23DFF2807E2E7002F4720 /* PBXTargetDependency */,
			);
			name = MovieAppUITests;
			productName = MovieAppUITests;
			productReference = D7D23DFD2807E2E7002F4720 /* MovieAppUITests.xctest */;
			productType = "com.apple.product-type.bundle.ui-testing";
		};
/* End PBXNativeTarget section */

/* Begin PBXProject section */
		D7D23DD22807E2E6002F4720 /* Project object */ = {
			isa = PBXProject;
			attributes = {
				BuildIndependentTargetsInParallel = 1;
				LastSwiftUpdateCheck = 1320;
				LastUpgradeCheck = 1320;
				TargetAttributes = {
					D7D23DD92807E2E6002F4720 = {
						CreatedOnToolsVersion = 13.2.1;
					};
					D7D23DF22807E2E7002F4720 = {
						CreatedOnToolsVersion = 13.2.1;
						TestTargetID = D7D23DD92807E2E6002F4720;
					};
					D7D23DFC2807E2E7002F4720 = {
						CreatedOnToolsVersion = 13.2.1;
						TestTargetID = D7D23DD92807E2E6002F4720;
					};
				};
			};
			buildConfigurationList = D7D23DD52807E2E6002F4720 /* Build configuration list for PBXProject "MovieApp" */;
			compatibilityVersion = "Xcode 13.0";
			developmentRegion = en;
			hasScannedForEncodings = 0;
			knownRegions = (
				en,
				Base,
			);
			mainGroup = D7D23DD12807E2E6002F4720;
			productRefGroup = D7D23DDB2807E2E6002F4720 /* Products */;
			projectDirPath = "";
			projectRoot = "";
			targets = (
				D7D23DD92807E2E6002F4720 /* MovieApp */,
				D7D23DF22807E2E7002F4720 /* MovieAppTests */,
				D7D23DFC2807E2E7002F4720 /* MovieAppUITests */,
			);
		};
/* End PBXProject section */

/* Begin PBXResourcesBuildPhase section */
		D7D23DD82807E2E6002F4720 /* Resources */ = {
			isa = PBXResourcesBuildPhase;
			buildActionMask = 2147483647;
			files = (
				D7D23DED2807E2E7002F4720 /* LaunchScreen.storyboard in Resources */,
				D7D23DEA2807E2E7002F4720 /* Assets.xcassets in Resources */,
				D7D23DE52807E2E6002F4720 /* Main.storyboard in Resources */,
			);
			runOnlyForDeploymentPostprocessing = 0;
		};
		D7D23DF12807E2E7002F4720 /* Resources */ = {
			isa = PBXResourcesBuildPhase;
			buildActionMask = 2147483647;
			files = (
			);
			runOnlyForDeploymentPostprocessing = 0;
		};
		D7D23DFB2807E2E7002F4720 /* Resources */ = {
			isa = PBXResourcesBuildPhase;
			buildActionMask = 2147483647;
			files = (
			);
			runOnlyForDeploymentPostprocessing = 0;
		};
/* End PBXResourcesBuildPhase section */

/* Begin PBXSourcesBuildPhase section */
		D7D23DD62807E2E6002F4720 /* Sources */ = {
			isa = PBXSourcesBuildPhase;
			buildActionMask = 2147483647;
			files = (
				D7D23DE22807E2E6002F4720 /* ViewController.swift in Sources */,
				D7D23DDE2807E2E6002F4720 /* AppDelegate.swift in Sources */,
				D7D23DE82807E2E6002F4720 /* MovieApp.xcdatamodeld in Sources */,
				D7D23DE02807E2E6002F4720 /* SceneDelegate.swift in Sources */,
			);
			runOnlyForDeploymentPostprocessing = 0;
		};
		D7D23DEF2807E2E7002F4720 /* Sources */ = {
			isa = PBXSourcesBuildPhase;
			buildActionMask = 2147483647;
			files = (
				D7D23DF82807E2E7002F4720 /* MovieAppTests.swift in Sources */,
			);
			runOnlyForDeploymentPostprocessing = 0;
		};
		D7D23DF92807E2E7002F4720 /* Sources */ = {
			isa = PBXSourcesBuildPhase;
			buildActionMask = 2147483647;
			files = (
				D7D23E042807E2E7002F4720 /* MovieAppUITestsLaunchTests.swift in Sources */,
				D7D23E022807E2E7002F4720 /* MovieAppUITests.swift in Sources */,
			);
			runOnlyForDeploymentPostprocessing = 0;
		};
/* End PBXSourcesBuildPhase section */

/* Begin PBXTargetDependency section */
		D7D23DF52807E2E7002F4720 /* PBXTargetDependency */ = {
			isa = PBXTargetDependency;
			target = D7D23DD92807E2E6002F4720 /* MovieApp */;
			targetProxy = D7D23DF42807E2E7002F4720 /* PBXContainerItemProxy */;
		};
		D7D23DFF2807E2E7002F4720 /* PBXTargetDependency */ = {
			isa = PBXTargetDependency;
			target = D7D23DD92807E2E6002F4720 /* MovieApp */;
			targetProxy = D7D23DFE2807E2E7002F4720 /* PBXContainerItemProxy */;
		};
/* End PBXTargetDependency section */

/* Begin PBXVariantGroup section */
		D7D23DE32807E2E6002F4720 /* Main.storyboard */ = {
			isa = PBXVariantGroup;
			children = (
				D7D23DE42807E2E6002F4720 /* Base */,
			);
			name = Main.storyboard;
			sourceTree = "<group>";
		};
		D7D23DEB2807E2E7002F4720 /* LaunchScreen.storyboard */ = {
			isa = PBXVariantGroup;
			children = (
				D7D23DEC2807E2E7002F4720 /* Base */,
			);
			name = LaunchScreen.storyboard;
			sourceTree = "<group>";
		};
/* End PBXVariantGroup section */

/* Begin XCBuildConfiguration section */
		D7D23E052807E2E7002F4720 /* Debug */ = {
			isa = XCBuildConfiguration;
			buildSettings = {
				ALWAYS_SEARCH_USER_PATHS = NO;
				CLANG_ANALYZER_NONNULL = YES;
				CLANG_ANALYZER_NUMBER_OBJECT_CONVERSION = YES_AGGRESSIVE;
				CLANG_CXX_LANGUAGE_STANDARD = "gnu++17";
				CLANG_CXX_LIBRARY = "libc++";
				CLANG_ENABLE_MODULES = YES;
				CLANG_ENABLE_OBJC_ARC = YES;
				CLANG_ENABLE_OBJC_WEAK = YES;
				CLANG_WARN_BLOCK_CAPTURE_AUTORELEASING = YES;
				CLANG_WARN_BOOL_CONVERSION = YES;
				CLANG_WARN_COMMA = YES;
				CLANG_WARN_CONSTANT_CONVERSION = YES;
				CLANG_WARN_DEPRECATED_OBJC_IMPLEMENTATIONS = YES;
				CLANG_WARN_DIRECT_OBJC_ISA_USAGE = YES_ERROR;
				CLANG_WARN_DOCUMENTATION_COMMENTS = YES;
				CLANG_WARN_EMPTY_BODY = YES;
				CLANG_WARN_ENUM_CONVERSION = YES;
				CLANG_WARN_INFINITE_RECURSION = YES;
				CLANG_WARN_INT_CONVERSION = YES;
				CLANG_WARN_NON_LITERAL_NULL_CONVERSION = YES;
				CLANG_WARN_OBJC_IMPLICIT_RETAIN_SELF = YES;
				CLANG_WARN_OBJC_LITERAL_CONVERSION = YES;
				CLANG_WARN_OBJC_ROOT_CLASS = YES_ERROR;
				CLANG_WARN_QUOTED_INCLUDE_IN_FRAMEWORK_HEADER = YES;
				CLANG_WARN_RANGE_LOOP_ANALYSIS = YES;
				CLANG_WARN_STRICT_PROTOTYPES = YES;
				CLANG_WARN_SUSPICIOUS_MOVE = YES;
				CLANG_WARN_UNGUARDED_AVAILABILITY = YES_AGGRESSIVE;
				CLANG_WARN_UNREACHABLE_CODE = YES;
				CLANG_WARN__DUPLICATE_METHOD_MATCH = YES;
				COPY_PHASE_STRIP = NO;
				DEBUG_INFORMATION_FORMAT = dwarf;
				ENABLE_STRICT_OBJC_MSGSEND = YES;
				ENABLE_TESTABILITY = YES;
				GCC_C_LANGUAGE_STANDARD = gnu11;
				GCC_DYNAMIC_NO_PIC = NO;
				GCC_NO_COMMON_BLOCKS = YES;
				GCC_OPTIMIZATION_LEVEL = 0;
				GCC_PREPROCESSOR_DEFINITIONS = (
					"DEBUG=1",
					"$(inherited)",
				);
				GCC_WARN_64_TO_32_BIT_CONVERSION = YES;
				GCC_WARN_ABOUT_RETURN_TYPE = YES_ERROR;
				GCC_WARN_UNDECLARED_SELECTOR = YES;
				GCC_WARN_UNINITIALIZED_AUTOS = YES_AGGRESSIVE;
				GCC_WARN_UNUSED_FUNCTION = YES;
				GCC_WARN_UNUSED_VARIABLE = YES;
				IPHONEOS_DEPLOYMENT_TARGET = 15.2;
				MTL_ENABLE_DEBUG_INFO = INCLUDE_SOURCE;
				MTL_FAST_MATH = YES;
				ONLY_ACTIVE_ARCH = YES;
				SDKROOT = iphoneos;
				SWIFT_ACTIVE_COMPILATION_CONDITIONS = DEBUG;
				SWIFT_OPTIMIZATION_LEVEL = "-Onone";
			};
			name = Debug;
		};
		D7D23E062807E2E7002F4720 /* Release */ = {
			isa = XCBuildConfiguration;
			buildSettings = {
				ALWAYS_SEARCH_USER_PATHS = NO;
				CLANG_ANALYZER_NONNULL = YES;
				CLANG_ANALYZER_NUMBER_OBJECT_CONVERSION = YES_AGGRESSIVE;
				CLANG_CXX_LANGUAGE_STANDARD = "gnu++17";
				CLANG_CXX_LIBRARY = "libc++";
				CLANG_ENABLE_MODULES = YES;
				CLANG_ENABLE_OBJC_ARC = YES;
				CLANG_ENABLE_OBJC_WEAK = YES;
				CLANG_WARN_BLOCK_CAPTURE_AUTORELEASING = YES;
				CLANG_WARN_BOOL_CONVERSION = YES;
				CLANG_WARN_COMMA = YES;
				CLANG_WARN_CONSTANT_CONVERSION = YES;
				CLANG_WARN_DEPRECATED_OBJC_IMPLEMENTATIONS = YES;
				CLANG_WARN_DIRECT_OBJC_ISA_USAGE = YES_ERROR;
				CLANG_WARN_DOCUMENTATION_COMMENTS = YES;
				CLANG_WARN_EMPTY_BODY = YES;
				CLANG_WARN_ENUM_CONVERSION = YES;
				CLANG_WARN_INFINITE_RECURSION = YES;
				CLANG_WARN_INT_CONVERSION = YES;
				CLANG_WARN_NON_LITERAL_NULL_CONVERSION = YES;
				CLANG_WARN_OBJC_IMPLICIT_RETAIN_SELF = YES;
				CLANG_WARN_OBJC_LITERAL_CONVERSION = YES;
				CLANG_WARN_OBJC_ROOT_CLASS = YES_ERROR;
				CLANG_WARN_QUOTED_INCLUDE_IN_FRAMEWORK_HEADER = YES;
				CLANG_WARN_RANGE_LOOP_ANALYSIS = YES;
				CLANG_WARN_STRICT_PROTOTYPES = YES;
				CLANG_WARN_SUSPICIOUS_MOVE = YES;
				CLANG_WARN_UNGUARDED_AVAILABILITY = YES_AGGRESSIVE;
				CLANG_WARN_UNREACHABLE_CODE = YES;
				CLANG_WARN__DUPLICATE_METHOD_MATCH = YES;
				COPY_PHASE_STRIP = NO;
				DEBUG_INFORMATION_FORMAT = "dwarf-with-dsym";
				ENABLE_NS_ASSERTIONS = NO;
				ENABLE_STRICT_OBJC_MSGSEND = YES;
				GCC_C_LANGUAGE_STANDARD = gnu11;
				GCC_NO_COMMON_BLOCKS = YES;
				GCC_WARN_64_TO_32_BIT_CONVERSION = YES;
				GCC_WARN_ABOUT_RETURN_TYPE = YES_ERROR;
				GCC_WARN_UNDECLARED_SELECTOR = YES;
				GCC_WARN_UNINITIALIZED_AUTOS = YES_AGGRESSIVE;
				GCC_WARN_UNUSED_FUNCTION = YES;
				GCC_WARN_UNUSED_VARIABLE = YES;
				IPHONEOS_DEPLOYMENT_TARGET = 15.2;
				MTL_ENABLE_DEBUG_INFO = NO;
				MTL_FAST_MATH = YES;
				SDKROOT = iphoneos;
				SWIFT_COMPILATION_MODE = wholemodule;
				SWIFT_OPTIMIZATION_LEVEL = "-O";
				VALIDATE_PRODUCT = YES;
			};
			name = Release;
		};
		D7D23E082807E2E7002F4720 /* Debug */ = {
			isa = XCBuildConfiguration;
			buildSettings = {
				ASSETCATALOG_COMPILER_APPICON_NAME = AppIcon;
				ASSETCATALOG_COMPILER_GLOBAL_ACCENT_COLOR_NAME = AccentColor;
				CODE_SIGN_STYLE = Automatic;
				CURRENT_PROJECT_VERSION = 1;
				DEVELOPMENT_TEAM = RKLFASN29C;
				GENERATE_INFOPLIST_FILE = YES;
				INFOPLIST_FILE = MovieApp/Info.plist;
				INFOPLIST_KEY_UIApplicationSupportsIndirectInputEvents = YES;
				INFOPLIST_KEY_UILaunchStoryboardName = LaunchScreen;
				INFOPLIST_KEY_UIMainStoryboardFile = Main;
				INFOPLIST_KEY_UISupportedInterfaceOrientations_iPad = "UIInterfaceOrientationPortrait UIInterfaceOrientationPortraitUpsideDown UIInterfaceOrientationLandscapeLeft UIInterfaceOrientationLandscapeRight";
				INFOPLIST_KEY_UISupportedInterfaceOrientations_iPhone = "UIInterfaceOrientationPortrait UIInterfaceOrientationLandscapeLeft UIInterfaceOrientationLandscapeRight";
				LD_RUNPATH_SEARCH_PATHS = (
					"$(inherited)",
					"@executable_path/Frameworks",
				);
				MARKETING_VERSION = 1.0;
				PRODUCT_BUNDLE_IDENTIFIER = SigmaTec.MovieApp;
				PRODUCT_NAME = "$(TARGET_NAME)";
				SWIFT_EMIT_LOC_STRINGS = YES;
				SWIFT_VERSION = 5.0;
				TARGETED_DEVICE_FAMILY = "1,2";
			};
			name = Debug;
		};
		D7D23E092807E2E7002F4720 /* Release */ = {
			isa = XCBuildConfiguration;
			buildSettings = {
				ASSETCATALOG_COMPILER_APPICON_NAME = AppIcon;
				ASSETCATALOG_COMPILER_GLOBAL_ACCENT_COLOR_NAME = AccentColor;
				CODE_SIGN_STYLE = Automatic;
				CURRENT_PROJECT_VERSION = 1;
				DEVELOPMENT_TEAM = RKLFASN29C;
				GENERATE_INFOPLIST_FILE = YES;
				INFOPLIST_FILE = MovieApp/Info.plist;
				INFOPLIST_KEY_UIApplicationSupportsIndirectInputEvents = YES;
				INFOPLIST_KEY_UILaunchStoryboardName = LaunchScreen;
				INFOPLIST_KEY_UIMainStoryboardFile = Main;
				INFOPLIST_KEY_UISupportedInterfaceOrientations_iPad = "UIInterfaceOrientationPortrait UIInterfaceOrientationPortraitUpsideDown UIInterfaceOrientationLandscapeLeft UIInterfaceOrientationLandscapeRight";
				INFOPLIST_KEY_UISupportedInterfaceOrientations_iPhone = "UIInterfaceOrientationPortrait UIInterfaceOrientationLandscapeLeft UIInterfaceOrientationLandscapeRight";
				LD_RUNPATH_SEARCH_PATHS = (
					"$(inherited)",
					"@executable_path/Frameworks",
				);
				MARKETING_VERSION = 1.0;
				PRODUCT_BUNDLE_IDENTIFIER = SigmaTec.MovieApp;
				PRODUCT_NAME = "$(TARGET_NAME)";
				SWIFT_EMIT_LOC_STRINGS = YES;
				SWIFT_VERSION = 5.0;
				TARGETED_DEVICE_FAMILY = "1,2";
			};
			name = Release;
		};
		D7D23E0B2807E2E7002F4720 /* Debug */ = {
			isa = XCBuildConfiguration;
			buildSettings = {
				ALWAYS_EMBED_SWIFT_STANDARD_LIBRARIES = YES;
				BUNDLE_LOADER = "$(TEST_HOST)";
				CODE_SIGN_STYLE = Automatic;
				CURRENT_PROJECT_VERSION = 1;
				DEVELOPMENT_TEAM = RKLFASN29C;
				GENERATE_INFOPLIST_FILE = YES;
				IPHONEOS_DEPLOYMENT_TARGET = 15.2;
				MARKETING_VERSION = 1.0;
				PRODUCT_BUNDLE_IDENTIFIER = SigmaTec.MovieAppTests;
				PRODUCT_NAME = "$(TARGET_NAME)";
				SWIFT_EMIT_LOC_STRINGS = NO;
				SWIFT_VERSION = 5.0;
				TARGETED_DEVICE_FAMILY = "1,2";
				TEST_HOST = "$(BUILT_PRODUCTS_DIR)/MovieApp.app/MovieApp";
			};
			name = Debug;
		};
		D7D23E0C2807E2E7002F4720 /* Release */ = {
			isa = XCBuildConfiguration;
			buildSettings = {
				ALWAYS_EMBED_SWIFT_STANDARD_LIBRARIES = YES;
				BUNDLE_LOADER = "$(TEST_HOST)";
				CODE_SIGN_STYLE = Automatic;
				CURRENT_PROJECT_VERSION = 1;
				DEVELOPMENT_TEAM = RKLFASN29C;
				GENERATE_INFOPLIST_FILE = YES;
				IPHONEOS_DEPLOYMENT_TARGET = 15.2;
				MARKETING_VERSION = 1.0;
				PRODUCT_BUNDLE_IDENTIFIER = SigmaTec.MovieAppTests;
				PRODUCT_NAME = "$(TARGET_NAME)";
				SWIFT_EMIT_LOC_STRINGS = NO;
				SWIFT_VERSION = 5.0;
				TARGETED_DEVICE_FAMILY = "1,2";
				TEST_HOST = "$(BUILT_PRODUCTS_DIR)/MovieApp.app/MovieApp";
			};
			name = Release;
		};
		D7D23E0E2807E2E7002F4720 /* Debug */ = {
			isa = XCBuildConfiguration;
			buildSettings = {
				ALWAYS_EMBED_SWIFT_STANDARD_LIBRARIES = YES;
				CODE_SIGN_STYLE = Automatic;
				CURRENT_PROJECT_VERSION = 1;
				DEVELOPMENT_TEAM = RKLFASN29C;
				GENERATE_INFOPLIST_FILE = YES;
				MARKETING_VERSION = 1.0;
				PRODUCT_BUNDLE_IDENTIFIER = SigmaTec.MovieAppUITests;
				PRODUCT_NAME = "$(TARGET_NAME)";
				SWIFT_EMIT_LOC_STRINGS = NO;
				SWIFT_VERSION = 5.0;
				TARGETED_DEVICE_FAMILY = "1,2";
				TEST_TARGET_NAME = MovieApp;
			};
			name = Debug;
		};
		D7D23E0F2807E2E7002F4720 /* Release */ = {
			isa = XCBuildConfiguration;
			buildSettings = {
				ALWAYS_EMBED_SWIFT_STANDARD_LIBRARIES = YES;
				CODE_SIGN_STYLE = Automatic;
				CURRENT_PROJECT_VERSION = 1;
				DEVELOPMENT_TEAM = RKLFASN29C;
				GENERATE_INFOPLIST_FILE = YES;
				MARKETING_VERSION = 1.0;
				PRODUCT_BUNDLE_IDENTIFIER = SigmaTec.MovieAppUITests;
				PRODUCT_NAME = "$(TARGET_NAME)";
				SWIFT_EMIT_LOC_STRINGS = NO;
				SWIFT_VERSION = 5.0;
				TARGETED_DEVICE_FAMILY = "1,2";
				TEST_TARGET_NAME = MovieApp;
			};
			name = Release;
		};
/* End XCBuildConfiguration section */

/* Begin XCConfigurationList section */
		D7D23DD52807E2E6002F4720 /* Build configuration list for PBXProject "MovieApp" */ = {
			isa = XCConfigurationList;
			buildConfigurations = (
				D7D23E052807E2E7002F4720 /* Debug */,
				D7D23E062807E2E7002F4720 /* Release */,
			);
			defaultConfigurationIsVisible = 0;
			defaultConfigurationName = Release;
		};
		D7D23E072807E2E7002F4720 /* Build configuration list for PBXNativeTarget "MovieApp" */ = {
			isa = XCConfigurationList;
			buildConfigurations = (
				D7D23E082807E2E7002F4720 /* Debug */,
				D7D23E092807E2E7002F4720 /* Release */,
			);
			defaultConfigurationIsVisible = 0;
			defaultConfigurationName = Release;
		};
		D7D23E0A2807E2E7002F4720 /* Build configuration list for PBXNativeTarget "MovieAppTests" */ = {
			isa = XCConfigurationList;
			buildConfigurations = (
				D7D23E0B2807E2E7002F4720 /* Debug */,
				D7D23E0C2807E2E7002F4720 /* Release */,
			);
			defaultConfigurationIsVisible = 0;
			defaultConfigurationName = Release;
		};
		D7D23E0D2807E2E7002F4720 /* Build configuration list for PBXNativeTarget "MovieAppUITests" */ = {
			isa = XCConfigurationList;
			buildConfigurations = (
				D7D23E0E2807E2E7002F4720 /* Debug */,
				D7D23E0F2807E2E7002F4720 /* Release */,
			);
			defaultConfigurationIsVisible = 0;
			defaultConfigurationName = Release;
		};
/* End XCConfigurationList section */

/* Begin XCVersionGroup section */
		D7D23DE62807E2E6002F4720 /* MovieApp.xcdatamodeld */ = {
			isa = XCVersionGroup;
			children = (
				D7D23DE72807E2E6002F4720 /* MovieApp.xcdatamodel */,
			);
			currentVersion = D7D23DE72807E2E6002F4720 /* MovieApp.xcdatamodel */;
			path = MovieApp.xcdatamodeld;
			sourceTree = "<group>";
			versionGroupType = wrapper.xcdatamodel;
		};
/* End XCVersionGroup section */
	};
	rootObject = D7D23DD22807E2E6002F4720 /* Project object */;
}
